
Microsoft Visual Studio Solution File, Format Version 12.00
# Visual Studio Version 16
VisualStudioVersion = 16.0.30320.27
MinimumVisualStudioVersion = 10.0.40219.1
Project("{FAE04EC0-301F-11D3-BF4B-00C04F79EFBC}") = "Timetable Mapper", "Timetable Mapper\Timetable Mapper.csproj", "{434539E3-EA4B-4139-BDA4-19C7E36A42FC}"
EndProject
Global
	GlobalSection(SolutionConfigurationPlatforms) = preSolution
		Debug|Any CPU = Debug|Any CPU
		Release|Any CPU = Release|Any CPU
	EndGlobalSection
	GlobalSection(ProjectConfigurationPlatforms) = postSolution
		{434539E3-EA4B-4139-BDA4-19C7E36A42FC}.Debug|Any CPU.ActiveCfg = Debug|Any CPU
		{434539E3-EA4B-4139-BDA4-19C7E36A42FC}.Debug|Any CPU.Build.0 = Debug|Any CPU
		{434539E3-EA4B-4139-BDA4-19C7E36A42FC}.Release|Any CPU.ActiveCfg = Release|Any CPU
		{434539E3-EA4B-4139-BDA4-19C7E36A42FC}.Release|Any CPU.Build.0 = Release|Any CPU
	EndGlobalSection
	GlobalSection(SolutionProperties) = preSolution
		HideSolutionNode = FALSE
	EndGlobalSection
	GlobalSection(ExtensibilityGlobals) = postSolution
		SolutionGuid = {3D008DA9-45E5-4498-964C-B39051DE1210}
	EndGlobalSection
EndGlobal
